
Microsoft Visual Studio Solution File, Format Version 12.00
# Visual Studio 2017
Project("{FAE04EC0-301F-11D3-BF4B-00C04F79EFBC}") = "Blank Space", "Blank Space.csproj", "{3D270A9D-F50C-1B01-769B-43F269B02737}"
EndProject
Project("{FAE04EC0-301F-11D3-BF4B-00C04F79EFBC}") = "Blank Space.Editor", "Blank Space.Editor.csproj", "{D695EA1B-1A72-1393-3F2A-B6EEDB1BE47E}"
EndProject
Global
	GlobalSection(SolutionConfigurationPlatforms) = preSolution
		Debug|Any CPU = Debug|Any CPU
		Release|Any CPU = Release|Any CPU
	EndGlobalSection
	GlobalSection(ProjectConfigurationPlatforms) = postSolution
		{3D270A9D-F50C-1B01-769B-43F269B02737}.Debug|Any CPU.ActiveCfg = Debug|Any CPU
		{3D270A9D-F50C-1B01-769B-43F269B02737}.Debug|Any CPU.Build.0 = Debug|Any CPU
		{3D270A9D-F50C-1B01-769B-43F269B02737}.Release|Any CPU.ActiveCfg = Release|Any CPU
		{3D270A9D-F50C-1B01-769B-43F269B02737}.Release|Any CPU.Build.0 = Release|Any CPU
		{D695EA1B-1A72-1393-3F2A-B6EEDB1BE47E}.Debug|Any CPU.ActiveCfg = Debug|Any CPU
		{D695EA1B-1A72-1393-3F2A-B6EEDB1BE47E}.Debug|Any CPU.Build.0 = Debug|Any CPU
		{D695EA1B-1A72-1393-3F2A-B6EEDB1BE47E}.Release|Any CPU.ActiveCfg = Release|Any CPU
		{D695EA1B-1A72-1393-3F2A-B6EEDB1BE47E}.Release|Any CPU.Build.0 = Release|Any CPU
	EndGlobalSection
	GlobalSection(SolutionProperties) = preSolution
		HideSolutionNode = FALSE
	EndGlobalSection
EndGlobal
